
Microsoft Visual Studio Solution File, Format Version 12.00
# Visual Studio 15
VisualStudioVersion = 15.0.25807.0
MinimumVisualStudioVersion = 10.0.40219.1
Project("{2150E333-8FDC-42A3-9474-1A3956D46DE8}") = "Engine", "Engine", "{6D1820F6-80AE-4FBA-8F49-A693B8EA3A7F}"
EndProject
Project("{2150E333-8FDC-42A3-9474-1A3956D46DE8}") = "Enterprise", "Enterprise", "{76AD04FA-1EBF-4174-A85C-6A3469CCD922}"
EndProject
Project("{2150E333-8FDC-42A3-9474-1A3956D46DE8}") = "Games", "Games", "{B4E417B5-57D9-45BF-93C3-8D75C0620DDF}"
EndProject
Project("{8BC9CEB8-8B4A-11D0-8D11-00A0C91BC942}") = "UE4", "Intermediate\ProjectFiles\UE4.vcxproj", "{E02F411B-08FC-488A-9583-33E4711E18A7}"
EndProject
Project("{8BC9CEB8-8B4A-11D0-8D11-00A0C91BC942}") = "Studio", "Intermediate\ProjectFiles\Studio.vcxproj", "{3CD96C7F-6AF6-4F9B-AC59-A0E3A0CE44F7}"
EndProject
Project("{8BC9CEB8-8B4A-11D0-8D11-00A0C91BC942}") = "GameJam2k19", "Intermediate\ProjectFiles\GameJam2k19.vcxproj", "{D201C238-0701-482A-8028-BE513BA68A5D}"
EndProject
Global
	GlobalSection(SolutionConfigurationPlatforms) = preSolution
		DebugGame Editor|HTML5 = DebugGame Editor|HTML5
		DebugGame Editor|Win32 = DebugGame Editor|Win32
		DebugGame Editor|Win64 = DebugGame Editor|Win64
		DebugGame|HTML5 = DebugGame|HTML5
		DebugGame|Win32 = DebugGame|Win32
		DebugGame|Win64 = DebugGame|Win64
		Development Editor|HTML5 = Development Editor|HTML5
		Development Editor|Win32 = Development Editor|Win32
		Development Editor|Win64 = Development Editor|Win64
		Development|HTML5 = Development|HTML5
		Development|Win32 = Development|Win32
		Development|Win64 = Development|Win64
		Shipping|HTML5 = Shipping|HTML5
		Shipping|Win32 = Shipping|Win32
		Shipping|Win64 = Shipping|Win64
	EndGlobalSection
	GlobalSection(ProjectConfigurationPlatforms) = postSolution
		{D201C238-0701-482A-8028-BE513BA68A5D}.DebugGame Editor|HTML5.ActiveCfg = HTML5_DebugGame_Editor|Win32
		{D201C238-0701-482A-8028-BE513BA68A5D}.DebugGame Editor|Win32.ActiveCfg = DebugGame_Editor|Win32
		{D201C238-0701-482A-8028-BE513BA68A5D}.DebugGame Editor|Win64.ActiveCfg = DebugGame_Editor|x64
		{D201C238-0701-482A-8028-BE513BA68A5D}.DebugGame Editor|Win64.Build.0 = DebugGame_Editor|x64
		{D201C238-0701-482A-8028-BE513BA68A5D}.DebugGame|HTML5.ActiveCfg = HTML5_DebugGame_Game|Win32
		{D201C238-0701-482A-8028-BE513BA68A5D}.DebugGame|HTML5.Build.0 = HTML5_DebugGame_Game|Win32
		{D201C238-0701-482A-8028-BE513BA68A5D}.DebugGame|Win32.ActiveCfg = DebugGame_Game|Win32
		{D201C238-0701-482A-8028-BE513BA68A5D}.DebugGame|Win32.Build.0 = DebugGame_Game|Win32
		{D201C238-0701-482A-8028-BE513BA68A5D}.DebugGame|Win64.ActiveCfg = DebugGame_Game|x64
		{D201C238-0701-482A-8028-BE513BA68A5D}.DebugGame|Win64.Build.0 = DebugGame_Game|x64
		{D201C238-0701-482A-8028-BE513BA68A5D}.Development Editor|HTML5.ActiveCfg = HTML5_Development_Editor|Win32
		{D201C238-0701-482A-8028-BE513BA68A5D}.Development Editor|Win32.ActiveCfg = Development_Editor|Win32
		{D201C238-0701-482A-8028-BE513BA68A5D}.Development Editor|Win64.ActiveCfg = Development_Editor|x64
		{D201C238-0701-482A-8028-BE513BA68A5D}.Development Editor|Win64.Build.0 = Development_Editor|x64
		{D201C238-0701-482A-8028-BE513BA68A5D}.Development|HTML5.ActiveCfg = HTML5_Development_Game|Win32
		{D201C238-0701-482A-8028-BE513BA68A5D}.Development|HTML5.Build.0 = HTML5_Development_Game|Win32
		{D201C238-0701-482A-8028-BE513BA68A5D}.Development|Win32.ActiveCfg = Development_Game|Win32
		{D201C238-0701-482A-8028-BE513BA68A5D}.Development|Win32.Build.0 = Development_Game|Win32
		{D201C238-0701-482A-8028-BE513BA68A5D}.Development|Win64.ActiveCfg = Development_Game|x64
		{D201C238-0701-482A-8028-BE513BA68A5D}.Development|Win64.Build.0 = Development_Game|x64
		{D201C238-0701-482A-8028-BE513BA68A5D}.Shipping|HTML5.ActiveCfg = HTML5_Shipping_Game|Win32
		{D201C238-0701-482A-8028-BE513BA68A5D}.Shipping|HTML5.Build.0 = HTML5_Shipping_Game|Win32
		{D201C238-0701-482A-8028-BE513BA68A5D}.Shipping|Win32.ActiveCfg = Shipping_Game|Win32
		{D201C238-0701-482A-8028-BE513BA68A5D}.Shipping|Win32.Build.0 = Shipping_Game|Win32
		{D201C238-0701-482A-8028-BE513BA68A5D}.Shipping|Win64.ActiveCfg = Shipping_Game|x64
		{D201C238-0701-482A-8028-BE513BA68A5D}.Shipping|Win64.Build.0 = Shipping_Game|x64
	EndGlobalSection
	GlobalSection(SolutionProperties) = preSolution
		HideSolutionNode = FALSE
	EndGlobalSection
	GlobalSection(NestedProjects) = preSolution
		{E02F411B-08FC-488A-9583-33E4711E18A7} = {6D1820F6-80AE-4FBA-8F49-A693B8EA3A7F}
		{3CD96C7F-6AF6-4F9B-AC59-A0E3A0CE44F7} = {76AD04FA-1EBF-4174-A85C-6A3469CCD922}
		{D201C238-0701-482A-8028-BE513BA68A5D} = {B4E417B5-57D9-45BF-93C3-8D75C0620DDF}
	EndGlobalSection
EndGlobal
